
Microsoft Visual Studio Solution File, Format Version 12.00
# Visual Studio Version 17
VisualStudioVersion = 17.0.31423.177
MinimumVisualStudioVersion = 10.0.40219.1
Project("{9A19103F-16F7-4668-BE54-9A1E7A4F7556}") = "softplayer.api.juros", "softplayer.api.juros\softplayer.api.juros.csproj", "{A8DB6AFE-5D46-4A2C-93D6-87299852E9F5}"
EndProject
Project("{9A19103F-16F7-4668-BE54-9A1E7A4F7556}") = "softplayer.application", "softplayer.application\softplayer.application.csproj", "{E76FC68F-219C-4D3B-93CD-FFE5FCA6C7E7}"
EndProject
Project("{9A19103F-16F7-4668-BE54-9A1E7A4F7556}") = "softplayer.api.calculo.juros", "softplayer.api.calculo.juros\softplayer.api.calculo.juros.csproj", "{6183795F-156B-454B-9364-32B81A8EAB0E}"
EndProject
Project("{9A19103F-16F7-4668-BE54-9A1E7A4F7556}") = "softplayer.test.juros", "softplayer.test.juros\softplayer.test.juros.csproj", "{FD379E99-5FD9-4CE9-9B19-E55355001F3B}"
EndProject
Project("{2150E333-8FDC-42A3-9474-1A3956D46DE8}") = "src", "src", "{EC08C1B7-8AD5-45C9-B365-DB29CE990B4B}"
EndProject
Project("{2150E333-8FDC-42A3-9474-1A3956D46DE8}") = "test", "test", "{C4444AF5-AE3E-462A-895B-E820B0C879C3}"
EndProject
Project("{2150E333-8FDC-42A3-9474-1A3956D46DE8}") = "1 - Presentation", "1 - Presentation", "{2522B7BB-5BA9-4A67-A1F1-1194A0B66C6C}"
EndProject
Project("{2150E333-8FDC-42A3-9474-1A3956D46DE8}") = "2 - Services", "2 - Services", "{DCB10E95-67D8-4268-8D51-D66B1153D6CD}"
EndProject
Project("{2150E333-8FDC-42A3-9474-1A3956D46DE8}") = "3 - Application", "3 - Application", "{79FD53FB-D49F-42F4-919F-826A39CD54E3}"
EndProject
Project("{2150E333-8FDC-42A3-9474-1A3956D46DE8}") = "4 - Domain", "4 - Domain", "{C57418FF-F004-41A9-8028-8C142286BA67}"
EndProject
Project("{2150E333-8FDC-42A3-9474-1A3956D46DE8}") = "5 - Infra", "5 - Infra", "{669EDBFE-E2E7-4F3F-A64B-339A05F219CE}"
EndProject
Project("{2150E333-8FDC-42A3-9474-1A3956D46DE8}") = "5.1 - Data", "5.1 - Data", "{B43E1B8D-0766-420A-9400-FF2E741E59CA}"
EndProject
Project("{2150E333-8FDC-42A3-9474-1A3956D46DE8}") = "5.2 - CrossCutting", "5.2 - CrossCutting", "{3E78B60E-445C-4C97-8697-BA7CB5697769}"
EndProject
Project("{9A19103F-16F7-4668-BE54-9A1E7A4F7556}") = "softplayer.infra.data", "softplayer.infra.data\softplayer.infra.data.csproj", "{6601E33E-113F-4F01-8B3B-EEFE35516D46}"
EndProject
Project("{9A19103F-16F7-4668-BE54-9A1E7A4F7556}") = "softplayer.domain", "softplayer.domain\softplayer.domain.csproj", "{0D8431A8-D80A-410A-A1AF-59A99480685B}"
EndProject
Project("{FAE04EC0-301F-11D3-BF4B-00C04F79EFBC}") = "softplayer.infra.crosscutting", "softplayer.infra.crosscutting\softplayer.infra.crosscutting.csproj", "{05918ABB-1751-442D-8F22-4B178DC21E8A}"
EndProject
Global
	GlobalSection(SolutionConfigurationPlatforms) = preSolution
		Debug|Any CPU = Debug|Any CPU
		Release|Any CPU = Release|Any CPU
	EndGlobalSection
	GlobalSection(ProjectConfigurationPlatforms) = postSolution
		{A8DB6AFE-5D46-4A2C-93D6-87299852E9F5}.Debug|Any CPU.ActiveCfg = Debug|Any CPU
		{A8DB6AFE-5D46-4A2C-93D6-87299852E9F5}.Debug|Any CPU.Build.0 = Debug|Any CPU
		{A8DB6AFE-5D46-4A2C-93D6-87299852E9F5}.Release|Any CPU.ActiveCfg = Release|Any CPU
		{A8DB6AFE-5D46-4A2C-93D6-87299852E9F5}.Release|Any CPU.Build.0 = Release|Any CPU
		{E76FC68F-219C-4D3B-93CD-FFE5FCA6C7E7}.Debug|Any CPU.ActiveCfg = Debug|Any CPU
		{E76FC68F-219C-4D3B-93CD-FFE5FCA6C7E7}.Debug|Any CPU.Build.0 = Debug|Any CPU
		{E76FC68F-219C-4D3B-93CD-FFE5FCA6C7E7}.Release|Any CPU.ActiveCfg = Release|Any CPU
		{E76FC68F-219C-4D3B-93CD-FFE5FCA6C7E7}.Release|Any CPU.Build.0 = Release|Any CPU
		{6183795F-156B-454B-9364-32B81A8EAB0E}.Debug|Any CPU.ActiveCfg = Debug|Any CPU
		{6183795F-156B-454B-9364-32B81A8EAB0E}.Debug|Any CPU.Build.0 = Debug|Any CPU
		{6183795F-156B-454B-9364-32B81A8EAB0E}.Release|Any CPU.ActiveCfg = Release|Any CPU
		{6183795F-156B-454B-9364-32B81A8EAB0E}.Release|Any CPU.Build.0 = Release|Any CPU
		{FD379E99-5FD9-4CE9-9B19-E55355001F3B}.Debug|Any CPU.ActiveCfg = Debug|Any CPU
		{FD379E99-5FD9-4CE9-9B19-E55355001F3B}.Debug|Any CPU.Build.0 = Debug|Any CPU
		{FD379E99-5FD9-4CE9-9B19-E55355001F3B}.Release|Any CPU.ActiveCfg = Release|Any CPU
		{FD379E99-5FD9-4CE9-9B19-E55355001F3B}.Release|Any CPU.Build.0 = Release|Any CPU
		{6601E33E-113F-4F01-8B3B-EEFE35516D46}.Debug|Any CPU.ActiveCfg = Debug|Any CPU
		{6601E33E-113F-4F01-8B3B-EEFE35516D46}.Debug|Any CPU.Build.0 = Debug|Any CPU
		{6601E33E-113F-4F01-8B3B-EEFE35516D46}.Release|Any CPU.ActiveCfg = Release|Any CPU
		{6601E33E-113F-4F01-8B3B-EEFE35516D46}.Release|Any CPU.Build.0 = Release|Any CPU
		{0D8431A8-D80A-410A-A1AF-59A99480685B}.Debug|Any CPU.ActiveCfg = Debug|Any CPU
		{0D8431A8-D80A-410A-A1AF-59A99480685B}.Debug|Any CPU.Build.0 = Debug|Any CPU
		{0D8431A8-D80A-410A-A1AF-59A99480685B}.Release|Any CPU.ActiveCfg = Release|Any CPU
		{0D8431A8-D80A-410A-A1AF-59A99480685B}.Release|Any CPU.Build.0 = Release|Any CPU
		{05918ABB-1751-442D-8F22-4B178DC21E8A}.Debug|Any CPU.ActiveCfg = Debug|Any CPU
		{05918ABB-1751-442D-8F22-4B178DC21E8A}.Debug|Any CPU.Build.0 = Debug|Any CPU
		{05918ABB-1751-442D-8F22-4B178DC21E8A}.Release|Any CPU.ActiveCfg = Release|Any CPU
		{05918ABB-1751-442D-8F22-4B178DC21E8A}.Release|Any CPU.Build.0 = Release|Any CPU
	EndGlobalSection
	GlobalSection(SolutionProperties) = preSolution
		HideSolutionNode = FALSE
	EndGlobalSection
	GlobalSection(NestedProjects) = preSolution
		{A8DB6AFE-5D46-4A2C-93D6-87299852E9F5} = {DCB10E95-67D8-4268-8D51-D66B1153D6CD}
		{E76FC68F-219C-4D3B-93CD-FFE5FCA6C7E7} = {79FD53FB-D49F-42F4-919F-826A39CD54E3}
		{6183795F-156B-454B-9364-32B81A8EAB0E} = {DCB10E95-67D8-4268-8D51-D66B1153D6CD}
		{FD379E99-5FD9-4CE9-9B19-E55355001F3B} = {C4444AF5-AE3E-462A-895B-E820B0C879C3}
		{2522B7BB-5BA9-4A67-A1F1-1194A0B66C6C} = {EC08C1B7-8AD5-45C9-B365-DB29CE990B4B}
		{DCB10E95-67D8-4268-8D51-D66B1153D6CD} = {EC08C1B7-8AD5-45C9-B365-DB29CE990B4B}
		{79FD53FB-D49F-42F4-919F-826A39CD54E3} = {EC08C1B7-8AD5-45C9-B365-DB29CE990B4B}
		{C57418FF-F004-41A9-8028-8C142286BA67} = {EC08C1B7-8AD5-45C9-B365-DB29CE990B4B}
		{669EDBFE-E2E7-4F3F-A64B-339A05F219CE} = {EC08C1B7-8AD5-45C9-B365-DB29CE990B4B}
		{B43E1B8D-0766-420A-9400-FF2E741E59CA} = {669EDBFE-E2E7-4F3F-A64B-339A05F219CE}
		{3E78B60E-445C-4C97-8697-BA7CB5697769} = {669EDBFE-E2E7-4F3F-A64B-339A05F219CE}
		{6601E33E-113F-4F01-8B3B-EEFE35516D46} = {B43E1B8D-0766-420A-9400-FF2E741E59CA}
		{0D8431A8-D80A-410A-A1AF-59A99480685B} = {C57418FF-F004-41A9-8028-8C142286BA67}
		{05918ABB-1751-442D-8F22-4B178DC21E8A} = {3E78B60E-445C-4C97-8697-BA7CB5697769}
	EndGlobalSection
	GlobalSection(ExtensibilityGlobals) = postSolution
		SolutionGuid = {F9E81E02-C294-4D5C-80A4-0F5F6B961A35}
	EndGlobalSection
EndGlobal
